
Microsoft Visual Studio Solution File, Format Version 12.00
# Visual Studio Version 17
VisualStudioVersion = 17.2.32526.322
MinimumVisualStudioVersion = 10.0.40219.1
Project("{2150E333-8FDC-42A3-9474-1A3956D46DE8}") = "src", "src", "{8BD9E181-4BBC-463B-B4C8-EAAD919E6909}"
EndProject
Project("{2150E333-8FDC-42A3-9474-1A3956D46DE8}") = "Api", "Api", "{2D557317-D0B3-4BB2-9032-7E399A3E8EAE}"
EndProject
Project("{2150E333-8FDC-42A3-9474-1A3956D46DE8}") = "Clients", "Clients", "{A7BE5819-2438-40EA-93FA-6C66693637F2}"
EndProject
Project("{2150E333-8FDC-42A3-9474-1A3956D46DE8}") = "Common", "Common", "{43A49199-08B6-4E6A-8D0B-40BDF8ED2FDD}"
EndProject
Project("{2150E333-8FDC-42A3-9474-1A3956D46DE8}") = "Projections", "Projections", "{75A8FBF0-2516-4445-B2A3-CD1F0855C7B3}"
EndProject
Project("{2150E333-8FDC-42A3-9474-1A3956D46DE8}") = "Core", "Core", "{999BF853-AF6D-4D74-A4F5-9E18731AE369}"
EndProject
Project("{2150E333-8FDC-42A3-9474-1A3956D46DE8}") = "Infrastructure", "Infrastructure", "{06BE5EAE-F21B-4AC5-8008-3E88585D8510}"
EndProject
Project("{2150E333-8FDC-42A3-9474-1A3956D46DE8}") = "WebApi", "WebApi", "{EA7F77C9-7608-4C3E-B5B0-553821E2A087}"
EndProject
Project("{2150E333-8FDC-42A3-9474-1A3956D46DE8}") = "BlazorWeb", "BlazorWeb", "{4EB29A41-4CC5-407A-89CC-550FB70F44DB}"
EndProject
Project("{9A19103F-16F7-4668-BE54-9A1E7A4F7556}") = "BlazorSozluk.Common", "src\Common\BlazorSozluk.Common\BlazorSozluk.Common.csproj", "{9EB63E6B-D4AB-4B3A-A791-FB38B89AD169}"
EndProject
Project("{9A19103F-16F7-4668-BE54-9A1E7A4F7556}") = "BlazorSozluk.Api.Domain", "src\Api\Core\BlazorSozluk.Api.Domain\BlazorSozluk.Api.Domain.csproj", "{EE1D9E45-70F7-4E8C-AD44-1A7763893163}"
EndProject
Project("{9A19103F-16F7-4668-BE54-9A1E7A4F7556}") = "BlazorSozluk.Api.Application", "src\Api\Core\BlazorSozluk.Api.Application\BlazorSozluk.Api.Application.csproj", "{EF883A4F-D941-4846-9174-7C6DB7F1D84E}"
EndProject
Project("{FAE04EC0-301F-11D3-BF4B-00C04F79EFBC}") = "BlazorSozluk.Infrastructure.Persistance", "src\Api\Infrastructure\BlazorSozluk.Infrastructure.Persistance\BlazorSozluk.Infrastructure.Persistance.csproj", "{B174A826-BB0B-4BD9-8A17-8707DE1BFF52}"
EndProject
Project("{FAE04EC0-301F-11D3-BF4B-00C04F79EFBC}") = "BlazorSozluk.Api.WebApi", "src\Api\WebApi\BlazorSozluk.Api.WebApi\BlazorSozluk.Api.WebApi.csproj", "{2B0CFB49-ECE6-467A-A477-C8ADBC995283}"
EndProject
Project("{FAE04EC0-301F-11D3-BF4B-00C04F79EFBC}") = "BlazorService.Projections.FavoriteService", "src\Projections\BlazorService.Projections.FavoriteService\BlazorService.Projections.FavoriteService.csproj", "{BE60AD0F-BA1F-48C4-8E04-3B8BDF11E145}"
EndProject
Project("{FAE04EC0-301F-11D3-BF4B-00C04F79EFBC}") = "BlazorService.Projections.VoteService", "src\Projections\BlazorService.Projections.VoteService\BlazorService.Projections.VoteService.csproj", "{1BFAE38C-72B0-4ED6-9103-043BDCC5D821}"
EndProject
Project("{FAE04EC0-301F-11D3-BF4B-00C04F79EFBC}") = "BlazorService.Projections.UserService", "src\Projections\BlazorService.Projections.UserService\BlazorService.Projections.UserService.csproj", "{F55A0A59-8759-494B-9554-FE461E746D51}"
EndProject
Project("{FAE04EC0-301F-11D3-BF4B-00C04F79EFBC}") = "BlazorSozluk.WebApp", "src\Clients\BlazorWeb\BlazorSozluk.WebApp\BlazorSozluk.WebApp.csproj", "{DC75AB08-FD68-4378-8C99-04D08F4010B7}"
EndProject
Global
	GlobalSection(SolutionConfigurationPlatforms) = preSolution
		Debug|Any CPU = Debug|Any CPU
		Release|Any CPU = Release|Any CPU
	EndGlobalSection
	GlobalSection(ProjectConfigurationPlatforms) = postSolution
		{9EB63E6B-D4AB-4B3A-A791-FB38B89AD169}.Debug|Any CPU.ActiveCfg = Debug|Any CPU
		{9EB63E6B-D4AB-4B3A-A791-FB38B89AD169}.Debug|Any CPU.Build.0 = Debug|Any CPU
		{9EB63E6B-D4AB-4B3A-A791-FB38B89AD169}.Release|Any CPU.ActiveCfg = Release|Any CPU
		{9EB63E6B-D4AB-4B3A-A791-FB38B89AD169}.Release|Any CPU.Build.0 = Release|Any CPU
		{EE1D9E45-70F7-4E8C-AD44-1A7763893163}.Debug|Any CPU.ActiveCfg = Debug|Any CPU
		{EE1D9E45-70F7-4E8C-AD44-1A7763893163}.Debug|Any CPU.Build.0 = Debug|Any CPU
		{EE1D9E45-70F7-4E8C-AD44-1A7763893163}.Release|Any CPU.ActiveCfg = Release|Any CPU
		{EE1D9E45-70F7-4E8C-AD44-1A7763893163}.Release|Any CPU.Build.0 = Release|Any CPU
		{EF883A4F-D941-4846-9174-7C6DB7F1D84E}.Debug|Any CPU.ActiveCfg = Debug|Any CPU
		{EF883A4F-D941-4846-9174-7C6DB7F1D84E}.Debug|Any CPU.Build.0 = Debug|Any CPU
		{EF883A4F-D941-4846-9174-7C6DB7F1D84E}.Release|Any CPU.ActiveCfg = Release|Any CPU
		{EF883A4F-D941-4846-9174-7C6DB7F1D84E}.Release|Any CPU.Build.0 = Release|Any CPU
		{B174A826-BB0B-4BD9-8A17-8707DE1BFF52}.Debug|Any CPU.ActiveCfg = Debug|Any CPU
		{B174A826-BB0B-4BD9-8A17-8707DE1BFF52}.Debug|Any CPU.Build.0 = Debug|Any CPU
		{B174A826-BB0B-4BD9-8A17-8707DE1BFF52}.Release|Any CPU.ActiveCfg = Release|Any CPU
		{B174A826-BB0B-4BD9-8A17-8707DE1BFF52}.Release|Any CPU.Build.0 = Release|Any CPU
		{2B0CFB49-ECE6-467A-A477-C8ADBC995283}.Debug|Any CPU.ActiveCfg = Debug|Any CPU
		{2B0CFB49-ECE6-467A-A477-C8ADBC995283}.Debug|Any CPU.Build.0 = Debug|Any CPU
		{2B0CFB49-ECE6-467A-A477-C8ADBC995283}.Release|Any CPU.ActiveCfg = Release|Any CPU
		{2B0CFB49-ECE6-467A-A477-C8ADBC995283}.Release|Any CPU.Build.0 = Release|Any CPU
		{BE60AD0F-BA1F-48C4-8E04-3B8BDF11E145}.Debug|Any CPU.ActiveCfg = Debug|Any CPU
		{BE60AD0F-BA1F-48C4-8E04-3B8BDF11E145}.Debug|Any CPU.Build.0 = Debug|Any CPU
		{BE60AD0F-BA1F-48C4-8E04-3B8BDF11E145}.Release|Any CPU.ActiveCfg = Release|Any CPU
		{BE60AD0F-BA1F-48C4-8E04-3B8BDF11E145}.Release|Any CPU.Build.0 = Release|Any CPU
		{1BFAE38C-72B0-4ED6-9103-043BDCC5D821}.Debug|Any CPU.ActiveCfg = Debug|Any CPU
		{1BFAE38C-72B0-4ED6-9103-043BDCC5D821}.Debug|Any CPU.Build.0 = Debug|Any CPU
		{1BFAE38C-72B0-4ED6-9103-043BDCC5D821}.Release|Any CPU.ActiveCfg = Release|Any CPU
		{1BFAE38C-72B0-4ED6-9103-043BDCC5D821}.Release|Any CPU.Build.0 = Release|Any CPU
		{F55A0A59-8759-494B-9554-FE461E746D51}.Debug|Any CPU.ActiveCfg = Debug|Any CPU
		{F55A0A59-8759-494B-9554-FE461E746D51}.Debug|Any CPU.Build.0 = Debug|Any CPU
		{F55A0A59-8759-494B-9554-FE461E746D51}.Release|Any CPU.ActiveCfg = Release|Any CPU
		{F55A0A59-8759-494B-9554-FE461E746D51}.Release|Any CPU.Build.0 = Release|Any CPU
		{DC75AB08-FD68-4378-8C99-04D08F4010B7}.Debug|Any CPU.ActiveCfg = Debug|Any CPU
		{DC75AB08-FD68-4378-8C99-04D08F4010B7}.Debug|Any CPU.Build.0 = Debug|Any CPU
		{DC75AB08-FD68-4378-8C99-04D08F4010B7}.Release|Any CPU.ActiveCfg = Release|Any CPU
		{DC75AB08-FD68-4378-8C99-04D08F4010B7}.Release|Any CPU.Build.0 = Release|Any CPU
	EndGlobalSection
	GlobalSection(SolutionProperties) = preSolution
		HideSolutionNode = FALSE
	EndGlobalSection
	GlobalSection(NestedProjects) = preSolution
		{2D557317-D0B3-4BB2-9032-7E399A3E8EAE} = {8BD9E181-4BBC-463B-B4C8-EAAD919E6909}
		{A7BE5819-2438-40EA-93FA-6C66693637F2} = {8BD9E181-4BBC-463B-B4C8-EAAD919E6909}
		{43A49199-08B6-4E6A-8D0B-40BDF8ED2FDD} = {8BD9E181-4BBC-463B-B4C8-EAAD919E6909}
		{75A8FBF0-2516-4445-B2A3-CD1F0855C7B3} = {8BD9E181-4BBC-463B-B4C8-EAAD919E6909}
		{999BF853-AF6D-4D74-A4F5-9E18731AE369} = {2D557317-D0B3-4BB2-9032-7E399A3E8EAE}
		{06BE5EAE-F21B-4AC5-8008-3E88585D8510} = {2D557317-D0B3-4BB2-9032-7E399A3E8EAE}
		{EA7F77C9-7608-4C3E-B5B0-553821E2A087} = {2D557317-D0B3-4BB2-9032-7E399A3E8EAE}
		{4EB29A41-4CC5-407A-89CC-550FB70F44DB} = {A7BE5819-2438-40EA-93FA-6C66693637F2}
		{9EB63E6B-D4AB-4B3A-A791-FB38B89AD169} = {43A49199-08B6-4E6A-8D0B-40BDF8ED2FDD}
		{EE1D9E45-70F7-4E8C-AD44-1A7763893163} = {999BF853-AF6D-4D74-A4F5-9E18731AE369}
		{EF883A4F-D941-4846-9174-7C6DB7F1D84E} = {999BF853-AF6D-4D74-A4F5-9E18731AE369}
		{B174A826-BB0B-4BD9-8A17-8707DE1BFF52} = {06BE5EAE-F21B-4AC5-8008-3E88585D8510}
		{2B0CFB49-ECE6-467A-A477-C8ADBC995283} = {EA7F77C9-7608-4C3E-B5B0-553821E2A087}
		{BE60AD0F-BA1F-48C4-8E04-3B8BDF11E145} = {75A8FBF0-2516-4445-B2A3-CD1F0855C7B3}
		{1BFAE38C-72B0-4ED6-9103-043BDCC5D821} = {75A8FBF0-2516-4445-B2A3-CD1F0855C7B3}
		{F55A0A59-8759-494B-9554-FE461E746D51} = {75A8FBF0-2516-4445-B2A3-CD1F0855C7B3}
		{DC75AB08-FD68-4378-8C99-04D08F4010B7} = {4EB29A41-4CC5-407A-89CC-550FB70F44DB}
	EndGlobalSection
	GlobalSection(ExtensibilityGlobals) = postSolution
		SolutionGuid = {B6427A35-CCB7-494E-A591-F10C168E0BEC}
	EndGlobalSection
EndGlobal
